
Microsoft Visual Studio Solution File, Format Version 12.00
# Visual Studio 15
VisualStudioVersion = 15.0.27703.2018
MinimumVisualStudioVersion = 10.0.40219.1
Project("{9A19103F-16F7-4668-BE54-9A1E7A4F7556}") = "IdentityServer", "IdentityServer\IdentityServer.csproj", "{918ECD6D-A209-4924-8054-D36F8E685340}"
EndProject
Project("{9A19103F-16F7-4668-BE54-9A1E7A4F7556}") = "Client", "Client\Client.csproj", "{006CD0FB-D1A3-4166-9709-7A60F9EB518D}"
EndProject
Project("{FAE04EC0-301F-11D3-BF4B-00C04F79EFBC}") = "WebApi", "WebApi\WebApi.csproj", "{DEFA063E-FB5E-4598-9A7D-9361F07E05C4}"
EndProject
Global
	GlobalSection(SolutionConfigurationPlatforms) = preSolution
		Debug|Any CPU = Debug|Any CPU
		Release|Any CPU = Release|Any CPU
	EndGlobalSection
	GlobalSection(ProjectConfigurationPlatforms) = postSolution
		{918ECD6D-A209-4924-8054-D36F8E685340}.Debug|Any CPU.ActiveCfg = Debug|Any CPU
		{918ECD6D-A209-4924-8054-D36F8E685340}.Debug|Any CPU.Build.0 = Debug|Any CPU
		{918ECD6D-A209-4924-8054-D36F8E685340}.Release|Any CPU.ActiveCfg = Release|Any CPU
		{918ECD6D-A209-4924-8054-D36F8E685340}.Release|Any CPU.Build.0 = Release|Any CPU
		{006CD0FB-D1A3-4166-9709-7A60F9EB518D}.Debug|Any CPU.ActiveCfg = Debug|Any CPU
		{006CD0FB-D1A3-4166-9709-7A60F9EB518D}.Debug|Any CPU.Build.0 = Debug|Any CPU
		{006CD0FB-D1A3-4166-9709-7A60F9EB518D}.Release|Any CPU.ActiveCfg = Release|Any CPU
		{006CD0FB-D1A3-4166-9709-7A60F9EB518D}.Release|Any CPU.Build.0 = Release|Any CPU
		{DEFA063E-FB5E-4598-9A7D-9361F07E05C4}.Debug|Any CPU.ActiveCfg = Debug|Any CPU
		{DEFA063E-FB5E-4598-9A7D-9361F07E05C4}.Debug|Any CPU.Build.0 = Debug|Any CPU
		{DEFA063E-FB5E-4598-9A7D-9361F07E05C4}.Release|Any CPU.ActiveCfg = Release|Any CPU
		{DEFA063E-FB5E-4598-9A7D-9361F07E05C4}.Release|Any CPU.Build.0 = Release|Any CPU
	EndGlobalSection
	GlobalSection(SolutionProperties) = preSolution
		HideSolutionNode = FALSE
	EndGlobalSection
	GlobalSection(ExtensibilityGlobals) = postSolution
		SolutionGuid = {7E533AD4-1A75-4985-AD14-73EFB981BCFE}
	EndGlobalSection
EndGlobal
