
Microsoft Visual Studio Solution File, Format Version 12.00
# Visual Studio 15
VisualStudioVersion = 15.0.27703.2018
MinimumVisualStudioVersion = 10.0.40219.1
Project("{9A19103F-16F7-4668-BE54-9A1E7A4F7556}") = "IdentityServer", "IdentityServer\IdentityServer.csproj", "{22A1358D-F9E6-46C9-8F55-171D933503CB}"
EndProject
Project("{9A19103F-16F7-4668-BE54-9A1E7A4F7556}") = "Client", "Client\Client.csproj", "{C7D96C12-27C3-4DC6-9B52-FD5392F427E0}"
EndProject
Project("{9A19103F-16F7-4668-BE54-9A1E7A4F7556}") = "WebApi", "WebApi\WebApi.csproj", "{CF5040DA-B15C-41A1-8AED-184693213867}"
EndProject
Global
	GlobalSection(SolutionConfigurationPlatforms) = preSolution
		Debug|Any CPU = Debug|Any CPU
		Release|Any CPU = Release|Any CPU
	EndGlobalSection
	GlobalSection(ProjectConfigurationPlatforms) = postSolution
		{22A1358D-F9E6-46C9-8F55-171D933503CB}.Debug|Any CPU.ActiveCfg = Debug|Any CPU
		{22A1358D-F9E6-46C9-8F55-171D933503CB}.Debug|Any CPU.Build.0 = Debug|Any CPU
		{22A1358D-F9E6-46C9-8F55-171D933503CB}.Release|Any CPU.ActiveCfg = Release|Any CPU
		{22A1358D-F9E6-46C9-8F55-171D933503CB}.Release|Any CPU.Build.0 = Release|Any CPU
		{C7D96C12-27C3-4DC6-9B52-FD5392F427E0}.Debug|Any CPU.ActiveCfg = Debug|Any CPU
		{C7D96C12-27C3-4DC6-9B52-FD5392F427E0}.Debug|Any CPU.Build.0 = Debug|Any CPU
		{C7D96C12-27C3-4DC6-9B52-FD5392F427E0}.Release|Any CPU.ActiveCfg = Release|Any CPU
		{C7D96C12-27C3-4DC6-9B52-FD5392F427E0}.Release|Any CPU.Build.0 = Release|Any CPU
		{CF5040DA-B15C-41A1-8AED-184693213867}.Debug|Any CPU.ActiveCfg = Debug|Any CPU
		{CF5040DA-B15C-41A1-8AED-184693213867}.Debug|Any CPU.Build.0 = Debug|Any CPU
		{CF5040DA-B15C-41A1-8AED-184693213867}.Release|Any CPU.ActiveCfg = Release|Any CPU
		{CF5040DA-B15C-41A1-8AED-184693213867}.Release|Any CPU.Build.0 = Release|Any CPU
	EndGlobalSection
	GlobalSection(SolutionProperties) = preSolution
		HideSolutionNode = FALSE
	EndGlobalSection
	GlobalSection(ExtensibilityGlobals) = postSolution
		SolutionGuid = {3D73863B-E60B-4666-A6E9-628658A8920F}
	EndGlobalSection
EndGlobal
