
Microsoft Visual Studio Solution File, Format Version 12.00
# Visual Studio 15
VisualStudioVersion = 15.0.28307.106
MinimumVisualStudioVersion = 10.0.40219.1
Project("{FAE04EC0-301F-11D3-BF4B-00C04F79EFBC}") = "CommandLineConfig", "CommandLineConfig\CommandLineConfig.csproj", "{D735D40C-A196-4BD5-AAAF-60823379F273}"
EndProject
Project("{FAE04EC0-301F-11D3-BF4B-00C04F79EFBC}") = "JsonFileConfig", "JsonFileConfig\JsonFileConfig.csproj", "{2ED61AB1-FEFB-4312-AEA9-5047CE92A211}"
EndProject
Project("{FAE04EC0-301F-11D3-BF4B-00C04F79EFBC}") = "OptionsBindConfig", "OptionsBindConfig\OptionsBindConfig.csproj", "{5E0B191A-3430-4BE2-AEA9-AA45F2E0F8A0}"
EndProject
Project("{FAE04EC0-301F-11D3-BF4B-00C04F79EFBC}") = "UseOptionsInMvc", "UseOptionsInMvc\UseOptionsInMvc.csproj", "{731E323B-9411-422C-8BDB-E5C490611CF6}"
EndProject
Global
	GlobalSection(SolutionConfigurationPlatforms) = preSolution
		Debug|Any CPU = Debug|Any CPU
		Release|Any CPU = Release|Any CPU
	EndGlobalSection
	GlobalSection(ProjectConfigurationPlatforms) = postSolution
		{D735D40C-A196-4BD5-AAAF-60823379F273}.Debug|Any CPU.ActiveCfg = Debug|Any CPU
		{D735D40C-A196-4BD5-AAAF-60823379F273}.Debug|Any CPU.Build.0 = Debug|Any CPU
		{D735D40C-A196-4BD5-AAAF-60823379F273}.Release|Any CPU.ActiveCfg = Release|Any CPU
		{D735D40C-A196-4BD5-AAAF-60823379F273}.Release|Any CPU.Build.0 = Release|Any CPU
		{2ED61AB1-FEFB-4312-AEA9-5047CE92A211}.Debug|Any CPU.ActiveCfg = Debug|Any CPU
		{2ED61AB1-FEFB-4312-AEA9-5047CE92A211}.Debug|Any CPU.Build.0 = Debug|Any CPU
		{2ED61AB1-FEFB-4312-AEA9-5047CE92A211}.Release|Any CPU.ActiveCfg = Release|Any CPU
		{2ED61AB1-FEFB-4312-AEA9-5047CE92A211}.Release|Any CPU.Build.0 = Release|Any CPU
		{5E0B191A-3430-4BE2-AEA9-AA45F2E0F8A0}.Debug|Any CPU.ActiveCfg = Debug|Any CPU
		{5E0B191A-3430-4BE2-AEA9-AA45F2E0F8A0}.Debug|Any CPU.Build.0 = Debug|Any CPU
		{5E0B191A-3430-4BE2-AEA9-AA45F2E0F8A0}.Release|Any CPU.ActiveCfg = Release|Any CPU
		{5E0B191A-3430-4BE2-AEA9-AA45F2E0F8A0}.Release|Any CPU.Build.0 = Release|Any CPU
		{731E323B-9411-422C-8BDB-E5C490611CF6}.Debug|Any CPU.ActiveCfg = Debug|Any CPU
		{731E323B-9411-422C-8BDB-E5C490611CF6}.Debug|Any CPU.Build.0 = Debug|Any CPU
		{731E323B-9411-422C-8BDB-E5C490611CF6}.Release|Any CPU.ActiveCfg = Release|Any CPU
		{731E323B-9411-422C-8BDB-E5C490611CF6}.Release|Any CPU.Build.0 = Release|Any CPU
	EndGlobalSection
	GlobalSection(SolutionProperties) = preSolution
		HideSolutionNode = FALSE
	EndGlobalSection
	GlobalSection(ExtensibilityGlobals) = postSolution
		SolutionGuid = {756F1331-3570-47D7-864E-F705F79D42C3}
	EndGlobalSection
EndGlobal
